
Microsoft Visual Studio Solution File, Format Version 12.00
# Visual Studio Version 17
VisualStudioVersion = 17.2.32516.85
MinimumVisualStudioVersion = 10.0.40219.1
Project("{FAE04EC0-301F-11D3-BF4B-00C04F79EFBC}") = "FinanzasGrupo2API", "FinanzasGrupo2API\FinanzasGrupo2API.csproj", "{351871A6-0DFE-447C-8E6C-5F0A337D09DD}"
EndProject
Global
	GlobalSection(SolutionConfigurationPlatforms) = preSolution
		Debug|Any CPU = Debug|Any CPU
		Release|Any CPU = Release|Any CPU
	EndGlobalSection
	GlobalSection(ProjectConfigurationPlatforms) = postSolution
		{351871A6-0DFE-447C-8E6C-5F0A337D09DD}.Debug|Any CPU.ActiveCfg = Debug|Any CPU
		{351871A6-0DFE-447C-8E6C-5F0A337D09DD}.Debug|Any CPU.Build.0 = Debug|Any CPU
		{351871A6-0DFE-447C-8E6C-5F0A337D09DD}.Release|Any CPU.ActiveCfg = Release|Any CPU
		{351871A6-0DFE-447C-8E6C-5F0A337D09DD}.Release|Any CPU.Build.0 = Release|Any CPU
	EndGlobalSection
	GlobalSection(SolutionProperties) = preSolution
		HideSolutionNode = FALSE
	EndGlobalSection
	GlobalSection(ExtensibilityGlobals) = postSolution
		SolutionGuid = {090D3564-9521-46F4-A07F-E02FFB79A830}
	EndGlobalSection
EndGlobal
